// !$*UTF8*$!
{
	archiveVersion = 1;
	classes = {
	};
	objectVersion = 46;
	objects = {

/* Begin PBXBuildFile section */
		6610230D761C4730AAFD6188 /* libPods.a in Frameworks */ = {isa = PBXBuildFile; fileRef = 8097D94E5D294F8FA6278FE5 /* libPods.a */; };
		DB07833A180BCA7B00582EF3 /* MenuTableViewController.m in Sources */ = {isa = PBXBuildFile; fileRef = DB078339180BCA7B00582EF3 /* MenuTableViewController.m */; };
		DB07833D180BCA8700582EF3 /* RoutesTableViewController.m in Sources */ = {isa = PBXBuildFile; fileRef = DB07833C180BCA8700582EF3 /* RoutesTableViewController.m */; };
		DB078385180BCE8200582EF3 /* AboutViewController.m in Sources */ = {isa = PBXBuildFile; fileRef = DB078384180BCE8200582EF3 /* AboutViewController.m */; };
		DB07838A180BD5B100582EF3 /* FavouritesTableViewController.m in Sources */ = {isa = PBXBuildFile; fileRef = DB078389180BD5B100582EF3 /* FavouritesTableViewController.m */; };
		DB07838E180BD6BF00582EF3 /* TrackSearchViewController.m in Sources */ = {isa = PBXBuildFile; fileRef = DB07838D180BD6BF00582EF3 /* TrackSearchViewController.m */; };
		DB078392180BD73E00582EF3 /* MapViewController.m in Sources */ = {isa = PBXBuildFile; fileRef = DB078391180BD73E00582EF3 /* MapViewController.m */; };
		DB078396180BD7D700582EF3 /* SettingsTableViewController.m in Sources */ = {isa = PBXBuildFile; fileRef = DB078395180BD7D700582EF3 /* SettingsTableViewController.m */; };
		DB0783AD180C03B400582EF3 /* RoutesTableViewCell.m in Sources */ = {isa = PBXBuildFile; fileRef = DB0783AC180C03B400582EF3 /* RoutesTableViewCell.m */; };
		DB0BE648180E711A002D1020 /* MapKit.framework in Frameworks */ = {isa = PBXBuildFile; fileRef = DB0BE647180E711A002D1020 /* MapKit.framework */; };
		DB0D2AE5180F8A7000D2CC57 /* CoreLocation.framework in Frameworks */ = {isa = PBXBuildFile; fileRef = DB0D2AE4180F8A7000D2CC57 /* CoreLocation.framework */; };
		DB0D2AE9180F930600D2CC57 /* SimpleTrackPoint.m in Sources */ = {isa = PBXBuildFile; fileRef = DB0D2AE8180F930600D2CC57 /* SimpleTrackPoint.m */; };
		DB0D2AEC180F932400D2CC57 /* StopTrackPoint.m in Sources */ = {isa = PBXBuildFile; fileRef = DB0D2AEB180F932400D2CC57 /* StopTrackPoint.m */; };
		DB1017181801D5B80012D6CF /* DataObject.m in Sources */ = {isa = PBXBuildFile; fileRef = DB1017171801D5B80012D6CF /* DataObject.m */; };
		DB1017251801D6D30012D6CF /* Route.m in Sources */ = {isa = PBXBuildFile; fileRef = DB1017241801D6D30012D6CF /* Route.m */; };
		DB1017281801D7620012D6CF /* Track.m in Sources */ = {isa = PBXBuildFile; fileRef = DB1017271801D7620012D6CF /* Track.m */; };
		DB10172B1801D78C0012D6CF /* TransportUnit.m in Sources */ = {isa = PBXBuildFile; fileRef = DB10172A1801D78C0012D6CF /* TransportUnit.m */; };
		DB6F2BCA180E33EA008B70FB /* RouteDetailViewController.m in Sources */ = {isa = PBXBuildFile; fileRef = DB6F2BC9180E33EA008B70FB /* RouteDetailViewController.m */; };
		DB96D89D1853122700CFC6DF /* FavouritesStorage.m in Sources */ = {isa = PBXBuildFile; fileRef = DB96D8961853122700CFC6DF /* FavouritesStorage.m */; };
		DB96D89E1853122700CFC6DF /* MapStorage.m in Sources */ = {isa = PBXBuildFile; fileRef = DB96D8991853122700CFC6DF /* MapStorage.m */; };
		DB96D8A01853125000CFC6DF /* Images.xcassets in Resources */ = {isa = PBXBuildFile; fileRef = DB96D89F1853125000CFC6DF /* Images.xcassets */; };
		DB96D8A31853160800CFC6DF /* BaseDataManager.m in Sources */ = {isa = PBXBuildFile; fileRef = DB96D8A21853160800CFC6DF /* BaseDataManager.m */; };
		DB96D8A71853290A00CFC6DF /* RoutesManager.m in Sources */ = {isa = PBXBuildFile; fileRef = DB96D8A61853290A00CFC6DF /* RoutesManager.m */; };
		DB96D8AB18532D0A00CFC6DF /* TracksManager.m in Sources */ = {isa = PBXBuildFile; fileRef = DB96D8AA18532D0A00CFC6DF /* TracksManager.m */; };
		DB96D8AF18532FAA00CFC6DF /* TransportUnitsManager.m in Sources */ = {isa = PBXBuildFile; fileRef = DB96D8AE18532FAA00CFC6DF /* TransportUnitsManager.m */; };
		DBC1DD74180BC39B00E00B27 /* NGTSidePanelController.m in Sources */ = {isa = PBXBuildFile; fileRef = DBC1DD73180BC39B00E00B27 /* NGTSidePanelController.m */; };
		DBFADC9517FDCC97005EBE0E /* UIKit.framework in Frameworks */ = {isa = PBXBuildFile; fileRef = DBFADC9417FDCC97005EBE0E /* UIKit.framework */; };
		DBFADC9717FDCC97005EBE0E /* Foundation.framework in Frameworks */ = {isa = PBXBuildFile; fileRef = DBFADC9617FDCC97005EBE0E /* Foundation.framework */; };
		DBFADC9917FDCC97005EBE0E /* CoreGraphics.framework in Frameworks */ = {isa = PBXBuildFile; fileRef = DBFADC9817FDCC97005EBE0E /* CoreGraphics.framework */; };
		DBFADC9F17FDCC97005EBE0E /* InfoPlist.strings in Resources */ = {isa = PBXBuildFile; fileRef = DBFADC9D17FDCC97005EBE0E /* InfoPlist.strings */; };
		DBFADCA117FDCC97005EBE0E /* main.m in Sources */ = {isa = PBXBuildFile; fileRef = DBFADCA017FDCC97005EBE0E /* main.m */; };
		DBFADCA517FDCC97005EBE0E /* AppDelegate.m in Sources */ = {isa = PBXBuildFile; fileRef = DBFADCA417FDCC97005EBE0E /* AppDelegate.m */; };
		DBFADCAE17FDCC97005EBE0E /* MainStoryboard.storyboard in Resources */ = {isa = PBXBuildFile; fileRef = DBFADCAC17FDCC97005EBE0E /* MainStoryboard.storyboard */; };
		DBFADCC917FDCD30005EBE0E /* NSObject-ClassName.m in Sources */ = {isa = PBXBuildFile; fileRef = DBFADCC017FDCD30005EBE0E /* NSObject-ClassName.m */; };
		DBFADCCA17FDCD30005EBE0E /* UITableViewCellAdditions.m in Sources */ = {isa = PBXBuildFile; fileRef = DBFADCC217FDCD30005EBE0E /* UITableViewCellAdditions.m */; };
		DBFADCCB17FDCD30005EBE0E /* UIView+Animations.m in Sources */ = {isa = PBXBuildFile; fileRef = DBFADCC417FDCD30005EBE0E /* UIView+Animations.m */; };
		DBFADCCC17FDCD30005EBE0E /* UIView+Creation.m in Sources */ = {isa = PBXBuildFile; fileRef = DBFADCC617FDCD30005EBE0E /* UIView+Creation.m */; };
		DBFADCCD17FDCD30005EBE0E /* UIView+Frame.m in Sources */ = {isa = PBXBuildFile; fileRef = DBFADCC817FDCD30005EBE0E /* UIView+Frame.m */; };
		DBFADCD217FDCEA0005EBE0E /* Constants.m in Sources */ = {isa = PBXBuildFile; fileRef = DBFADCD117FDCEA0005EBE0E /* Constants.m */; };
		DBFADCD917FDD029005EBE0E /* QuartzCore.framework in Frameworks */ = {isa = PBXBuildFile; fileRef = DBFADCD817FDD029005EBE0E /* QuartzCore.framework */; };
/* End PBXBuildFile section */

/* Begin PBXFileReference section */
		8097D94E5D294F8FA6278FE5 /* libPods.a */ = {isa = PBXFileReference; explicitFileType = archive.ar; includeInIndex = 0; path = libPods.a; sourceTree = BUILT_PRODUCTS_DIR; };
		B182103E5D0A4C1CA9D2FA57 /* Pods.xcconfig */ = {isa = PBXFileReference; includeInIndex = 1; lastKnownFileType = text.xcconfig; name = Pods.xcconfig; path = Pods/Pods.xcconfig; sourceTree = "<group>"; };
		DB078338180BCA7B00582EF3 /* MenuTableViewController.h */ = {isa = PBXFileReference; fileEncoding = 4; lastKnownFileType = sourcecode.c.h; path = MenuTableViewController.h; sourceTree = "<group>"; };
		DB078339180BCA7B00582EF3 /* MenuTableViewController.m */ = {isa = PBXFileReference; fileEncoding = 4; lastKnownFileType = sourcecode.c.objc; path = MenuTableViewController.m; sourceTree = "<group>"; };
		DB07833B180BCA8700582EF3 /* RoutesTableViewController.h */ = {isa = PBXFileReference; fileEncoding = 4; lastKnownFileType = sourcecode.c.h; path = RoutesTableViewController.h; sourceTree = "<group>"; };
		DB07833C180BCA8700582EF3 /* RoutesTableViewController.m */ = {isa = PBXFileReference; fileEncoding = 4; lastKnownFileType = sourcecode.c.objc; path = RoutesTableViewController.m; sourceTree = "<group>"; };
		DB078383180BCE8200582EF3 /* AboutViewController.h */ = {isa = PBXFileReference; fileEncoding = 4; lastKnownFileType = sourcecode.c.h; path = AboutViewController.h; sourceTree = "<group>"; };
		DB078384180BCE8200582EF3 /* AboutViewController.m */ = {isa = PBXFileReference; fileEncoding = 4; lastKnownFileType = sourcecode.c.objc; path = AboutViewController.m; sourceTree = "<group>"; };
		DB078388180BD5B100582EF3 /* FavouritesTableViewController.h */ = {isa = PBXFileReference; fileEncoding = 4; lastKnownFileType = sourcecode.c.h; path = FavouritesTableViewController.h; sourceTree = "<group>"; };
		DB078389180BD5B100582EF3 /* FavouritesTableViewController.m */ = {isa = PBXFileReference; fileEncoding = 4; lastKnownFileType = sourcecode.c.objc; path = FavouritesTableViewController.m; sourceTree = "<group>"; };
		DB07838C180BD6BF00582EF3 /* TrackSearchViewController.h */ = {isa = PBXFileReference; fileEncoding = 4; lastKnownFileType = sourcecode.c.h; path = TrackSearchViewController.h; sourceTree = "<group>"; };
		DB07838D180BD6BF00582EF3 /* TrackSearchViewController.m */ = {isa = PBXFileReference; fileEncoding = 4; lastKnownFileType = sourcecode.c.objc; path = TrackSearchViewController.m; sourceTree = "<group>"; };
		DB078390180BD73E00582EF3 /* MapViewController.h */ = {isa = PBXFileReference; fileEncoding = 4; lastKnownFileType = sourcecode.c.h; path = MapViewController.h; sourceTree = "<group>"; };
		DB078391180BD73E00582EF3 /* MapViewController.m */ = {isa = PBXFileReference; fileEncoding = 4; lastKnownFileType = sourcecode.c.objc; path = MapViewController.m; sourceTree = "<group>"; };
		DB078394180BD7D700582EF3 /* SettingsTableViewController.h */ = {isa = PBXFileReference; fileEncoding = 4; lastKnownFileType = sourcecode.c.h; path = SettingsTableViewController.h; sourceTree = "<group>"; };
		DB078395180BD7D700582EF3 /* SettingsTableViewController.m */ = {isa = PBXFileReference; fileEncoding = 4; lastKnownFileType = sourcecode.c.objc; path = SettingsTableViewController.m; sourceTree = "<group>"; };
		DB0783AB180C03B400582EF3 /* RoutesTableViewCell.h */ = {isa = PBXFileReference; fileEncoding = 4; lastKnownFileType = sourcecode.c.h; path = RoutesTableViewCell.h; sourceTree = "<group>"; };
		DB0783AC180C03B400582EF3 /* RoutesTableViewCell.m */ = {isa = PBXFileReference; fileEncoding = 4; lastKnownFileType = sourcecode.c.objc; path = RoutesTableViewCell.m; sourceTree = "<group>"; };
		DB0BE647180E711A002D1020 /* MapKit.framework */ = {isa = PBXFileReference; lastKnownFileType = wrapper.framework; name = MapKit.framework; path = System/Library/Frameworks/MapKit.framework; sourceTree = SDKROOT; };
		DB0D2AE4180F8A7000D2CC57 /* CoreLocation.framework */ = {isa = PBXFileReference; lastKnownFileType = wrapper.framework; name = CoreLocation.framework; path = System/Library/Frameworks/CoreLocation.framework; sourceTree = SDKROOT; };
		DB0D2AE7180F930600D2CC57 /* SimpleTrackPoint.h */ = {isa = PBXFileReference; fileEncoding = 4; lastKnownFileType = sourcecode.c.h; path = SimpleTrackPoint.h; sourceTree = "<group>"; };
		DB0D2AE8180F930600D2CC57 /* SimpleTrackPoint.m */ = {isa = PBXFileReference; fileEncoding = 4; lastKnownFileType = sourcecode.c.objc; path = SimpleTrackPoint.m; sourceTree = "<group>"; };
		DB0D2AEA180F932400D2CC57 /* StopTrackPoint.h */ = {isa = PBXFileReference; fileEncoding = 4; lastKnownFileType = sourcecode.c.h; path = StopTrackPoint.h; sourceTree = "<group>"; };
		DB0D2AEB180F932400D2CC57 /* StopTrackPoint.m */ = {isa = PBXFileReference; fileEncoding = 4; lastKnownFileType = sourcecode.c.objc; path = StopTrackPoint.m; sourceTree = "<group>"; };
		DB1017161801D5B80012D6CF /* DataObject.h */ = {isa = PBXFileReference; fileEncoding = 4; lastKnownFileType = sourcecode.c.h; path = DataObject.h; sourceTree = "<group>"; };
		DB1017171801D5B80012D6CF /* DataObject.m */ = {isa = PBXFileReference; fileEncoding = 4; lastKnownFileType = sourcecode.c.objc; path = DataObject.m; sourceTree = "<group>"; };
		DB1017231801D6D30012D6CF /* Route.h */ = {isa = PBXFileReference; fileEncoding = 4; lastKnownFileType = sourcecode.c.h; path = Route.h; sourceTree = "<group>"; };
		DB1017241801D6D30012D6CF /* Route.m */ = {isa = PBXFileReference; fileEncoding = 4; lastKnownFileType = sourcecode.c.objc; path = Route.m; sourceTree = "<group>"; };
		DB1017261801D7620012D6CF /* Track.h */ = {isa = PBXFileReference; fileEncoding = 4; lastKnownFileType = sourcecode.c.h; path = Track.h; sourceTree = "<group>"; };
		DB1017271801D7620012D6CF /* Track.m */ = {isa = PBXFileReference; fileEncoding = 4; lastKnownFileType = sourcecode.c.objc; path = Track.m; sourceTree = "<group>"; };
		DB1017291801D78C0012D6CF /* TransportUnit.h */ = {isa = PBXFileReference; fileEncoding = 4; lastKnownFileType = sourcecode.c.h; path = TransportUnit.h; sourceTree = "<group>"; };
		DB10172A1801D78C0012D6CF /* TransportUnit.m */ = {isa = PBXFileReference; fileEncoding = 4; lastKnownFileType = sourcecode.c.objc; path = TransportUnit.m; sourceTree = "<group>"; };
		DB6F2BBC180D2496008B70FB /* Macros.h */ = {isa = PBXFileReference; fileEncoding = 4; lastKnownFileType = sourcecode.c.h; path = Macros.h; sourceTree = "<group>"; };
		DB6F2BC8180E33EA008B70FB /* RouteDetailViewController.h */ = {isa = PBXFileReference; fileEncoding = 4; lastKnownFileType = sourcecode.c.h; path = RouteDetailViewController.h; sourceTree = "<group>"; };
		DB6F2BC9180E33EA008B70FB /* RouteDetailViewController.m */ = {isa = PBXFileReference; fileEncoding = 4; lastKnownFileType = sourcecode.c.objc; path = RouteDetailViewController.m; sourceTree = "<group>"; };
		DB96D8951853122700CFC6DF /* FavouritesStorage.h */ = {isa = PBXFileReference; fileEncoding = 4; lastKnownFileType = sourcecode.c.h; path = FavouritesStorage.h; sourceTree = "<group>"; };
		DB96D8961853122700CFC6DF /* FavouritesStorage.m */ = {isa = PBXFileReference; fileEncoding = 4; lastKnownFileType = sourcecode.c.objc; path = FavouritesStorage.m; sourceTree = "<group>"; };
		DB96D8981853122700CFC6DF /* MapStorage.h */ = {isa = PBXFileReference; fileEncoding = 4; lastKnownFileType = sourcecode.c.h; path = MapStorage.h; sourceTree = "<group>"; };
		DB96D8991853122700CFC6DF /* MapStorage.m */ = {isa = PBXFileReference; fileEncoding = 4; lastKnownFileType = sourcecode.c.objc; path = MapStorage.m; sourceTree = "<group>"; };
		DB96D89F1853125000CFC6DF /* Images.xcassets */ = {isa = PBXFileReference; lastKnownFileType = folder.assetcatalog; path = Images.xcassets; sourceTree = "<group>"; };
		DB96D8A11853160800CFC6DF /* BaseDataManager.h */ = {isa = PBXFileReference; fileEncoding = 4; lastKnownFileType = sourcecode.c.h; path = BaseDataManager.h; sourceTree = "<group>"; };
		DB96D8A21853160800CFC6DF /* BaseDataManager.m */ = {isa = PBXFileReference; fileEncoding = 4; lastKnownFileType = sourcecode.c.objc; path = BaseDataManager.m; sourceTree = "<group>"; };
		DB96D8A51853290A00CFC6DF /* RoutesManager.h */ = {isa = PBXFileReference; fileEncoding = 4; lastKnownFileType = sourcecode.c.h; path = RoutesManager.h; sourceTree = "<group>"; };
		DB96D8A61853290A00CFC6DF /* RoutesManager.m */ = {isa = PBXFileReference; fileEncoding = 4; lastKnownFileType = sourcecode.c.objc; path = RoutesManager.m; sourceTree = "<group>"; };
		DB96D8A918532D0A00CFC6DF /* TracksManager.h */ = {isa = PBXFileReference; fileEncoding = 4; lastKnownFileType = sourcecode.c.h; path = TracksManager.h; sourceTree = "<group>"; };
		DB96D8AA18532D0A00CFC6DF /* TracksManager.m */ = {isa = PBXFileReference; fileEncoding = 4; lastKnownFileType = sourcecode.c.objc; path = TracksManager.m; sourceTree = "<group>"; };
		DB96D8AD18532FAA00CFC6DF /* TransportUnitsManager.h */ = {isa = PBXFileReference; fileEncoding = 4; lastKnownFileType = sourcecode.c.h; path = TransportUnitsManager.h; sourceTree = "<group>"; };
		DB96D8AE18532FAA00CFC6DF /* TransportUnitsManager.m */ = {isa = PBXFileReference; fileEncoding = 4; lastKnownFileType = sourcecode.c.objc; path = TransportUnitsManager.m; sourceTree = "<group>"; };
		DBC1DD72180BC39B00E00B27 /* NGTSidePanelController.h */ = {isa = PBXFileReference; fileEncoding = 4; lastKnownFileType = sourcecode.c.h; path = NGTSidePanelController.h; sourceTree = "<group>"; };
		DBC1DD73180BC39B00E00B27 /* NGTSidePanelController.m */ = {isa = PBXFileReference; fileEncoding = 4; lastKnownFileType = sourcecode.c.objc; path = NGTSidePanelController.m; sourceTree = "<group>"; };
		DBFADC9117FDCC97005EBE0E /* NGTMap.app */ = {isa = PBXFileReference; explicitFileType = wrapper.application; includeInIndex = 0; path = NGTMap.app; sourceTree = BUILT_PRODUCTS_DIR; };
		DBFADC9417FDCC97005EBE0E /* UIKit.framework */ = {isa = PBXFileReference; lastKnownFileType = wrapper.framework; name = UIKit.framework; path = System/Library/Frameworks/UIKit.framework; sourceTree = SDKROOT; };
		DBFADC9617FDCC97005EBE0E /* Foundation.framework */ = {isa = PBXFileReference; lastKnownFileType = wrapper.framework; name = Foundation.framework; path = System/Library/Frameworks/Foundation.framework; sourceTree = SDKROOT; };
		DBFADC9817FDCC97005EBE0E /* CoreGraphics.framework */ = {isa = PBXFileReference; lastKnownFileType = wrapper.framework; name = CoreGraphics.framework; path = System/Library/Frameworks/CoreGraphics.framework; sourceTree = SDKROOT; };
		DBFADC9C17FDCC97005EBE0E /* NGTMap-Info.plist */ = {isa = PBXFileReference; lastKnownFileType = text.plist.xml; path = "NGTMap-Info.plist"; sourceTree = "<group>"; };
		DBFADC9E17FDCC97005EBE0E /* en */ = {isa = PBXFileReference; lastKnownFileType = text.plist.strings; name = en; path = en.lproj/InfoPlist.strings; sourceTree = "<group>"; };
		DBFADCA017FDCC97005EBE0E /* main.m */ = {isa = PBXFileReference; lastKnownFileType = sourcecode.c.objc; path = main.m; sourceTree = "<group>"; };
		DBFADCA217FDCC97005EBE0E /* NGTMap-Prefix.pch */ = {isa = PBXFileReference; lastKnownFileType = sourcecode.c.h; path = "NGTMap-Prefix.pch"; sourceTree = "<group>"; };
		DBFADCA317FDCC97005EBE0E /* AppDelegate.h */ = {isa = PBXFileReference; lastKnownFileType = sourcecode.c.h; path = AppDelegate.h; sourceTree = "<group>"; };
		DBFADCA417FDCC97005EBE0E /* AppDelegate.m */ = {isa = PBXFileReference; lastKnownFileType = sourcecode.c.objc; path = AppDelegate.m; sourceTree = "<group>"; };
		DBFADCAD17FDCC97005EBE0E /* en */ = {isa = PBXFileReference; lastKnownFileType = file.storyboard; name = en; path = en.lproj/MainStoryboard.storyboard; sourceTree = "<group>"; };
		DBFADCBF17FDCD30005EBE0E /* NSObject-ClassName.h */ = {isa = PBXFileReference; fileEncoding = 4; lastKnownFileType = sourcecode.c.h; path = "NSObject-ClassName.h"; sourceTree = "<group>"; };
		DBFADCC017FDCD30005EBE0E /* NSObject-ClassName.m */ = {isa = PBXFileReference; fileEncoding = 4; lastKnownFileType = sourcecode.c.objc; path = "NSObject-ClassName.m"; sourceTree = "<group>"; };
		DBFADCC117FDCD30005EBE0E /* UITableViewCellAdditions.h */ = {isa = PBXFileReference; fileEncoding = 4; lastKnownFileType = sourcecode.c.h; path = UITableViewCellAdditions.h; sourceTree = "<group>"; };
		DBFADCC217FDCD30005EBE0E /* UITableViewCellAdditions.m */ = {isa = PBXFileReference; fileEncoding = 4; lastKnownFileType = sourcecode.c.objc; path = UITableViewCellAdditions.m; sourceTree = "<group>"; };
		DBFADCC317FDCD30005EBE0E /* UIView+Animations.h */ = {isa = PBXFileReference; fileEncoding = 4; lastKnownFileType = sourcecode.c.h; path = "UIView+Animations.h"; sourceTree = "<group>"; };
		DBFADCC417FDCD30005EBE0E /* UIView+Animations.m */ = {isa = PBXFileReference; fileEncoding = 4; lastKnownFileType = sourcecode.c.objc; path = "UIView+Animations.m"; sourceTree = "<group>"; };
		DBFADCC517FDCD30005EBE0E /* UIView+Creation.h */ = {isa = PBXFileReference; fileEncoding = 4; lastKnownFileType = sourcecode.c.h; path = "UIView+Creation.h"; sourceTree = "<group>"; };
		DBFADCC617FDCD30005EBE0E /* UIView+Creation.m */ = {isa = PBXFileReference; fileEncoding = 4; lastKnownFileType = sourcecode.c.objc; path = "UIView+Creation.m"; sourceTree = "<group>"; };
		DBFADCC717FDCD30005EBE0E /* UIView+Frame.h */ = {isa = PBXFileReference; fileEncoding = 4; lastKnownFileType = sourcecode.c.h; path = "UIView+Frame.h"; sourceTree = "<group>"; };
		DBFADCC817FDCD30005EBE0E /* UIView+Frame.m */ = {isa = PBXFileReference; fileEncoding = 4; lastKnownFileType = sourcecode.c.objc; path = "UIView+Frame.m"; sourceTree = "<group>"; };
		DBFADCD017FDCEA0005EBE0E /* Constants.h */ = {isa = PBXFileReference; fileEncoding = 4; lastKnownFileType = sourcecode.c.h; path = Constants.h; sourceTree = "<group>"; };
		DBFADCD117FDCEA0005EBE0E /* Constants.m */ = {isa = PBXFileReference; fileEncoding = 4; lastKnownFileType = sourcecode.c.objc; path = Constants.m; sourceTree = "<group>"; };
		DBFADCD817FDD029005EBE0E /* QuartzCore.framework */ = {isa = PBXFileReference; lastKnownFileType = wrapper.framework; name = QuartzCore.framework; path = System/Library/Frameworks/QuartzCore.framework; sourceTree = SDKROOT; };
/* End PBXFileReference section */

/* Begin PBXFrameworksBuildPhase section */
		DBFADC8E17FDCC97005EBE0E /* Frameworks */ = {
			isa = PBXFrameworksBuildPhase;
			buildActionMask = 2147483647;
			files = (
				DB0D2AE5180F8A7000D2CC57 /* CoreLocation.framework in Frameworks */,
				DB0BE648180E711A002D1020 /* MapKit.framework in Frameworks */,
				DBFADCD917FDD029005EBE0E /* QuartzCore.framework in Frameworks */,
				DBFADC9517FDCC97005EBE0E /* UIKit.framework in Frameworks */,
				DBFADC9717FDCC97005EBE0E /* Foundation.framework in Frameworks */,
				DBFADC9917FDCC97005EBE0E /* CoreGraphics.framework in Frameworks */,
				6610230D761C4730AAFD6188 /* libPods.a in Frameworks */,
			);
			runOnlyForDeploymentPostprocessing = 0;
		};
/* End PBXFrameworksBuildPhase section */

/* Begin PBXGroup section */
		DB078336180BCA6C00582EF3 /* MenuTableViewContoller */ = {
			isa = PBXGroup;
			children = (
				DB078338180BCA7B00582EF3 /* MenuTableViewController.h */,
				DB078339180BCA7B00582EF3 /* MenuTableViewController.m */,
			);
			path = MenuTableViewContoller;
			sourceTree = "<group>";
		};
		DB078337180BCA6C00582EF3 /* RoutesTableViewController */ = {
			isa = PBXGroup;
			children = (
				DB0783AA180C03A000582EF3 /* RoutesTableViewCell */,
				DB07833B180BCA8700582EF3 /* RoutesTableViewController.h */,
				DB07833C180BCA8700582EF3 /* RoutesTableViewController.m */,
			);
			path = RoutesTableViewController;
			sourceTree = "<group>";
		};
		DB078382180BCE7000582EF3 /* AboutViewController */ = {
			isa = PBXGroup;
			children = (
				DB078383180BCE8200582EF3 /* AboutViewController.h */,
				DB078384180BCE8200582EF3 /* AboutViewController.m */,
			);
			path = AboutViewController;
			sourceTree = "<group>";
		};
		DB078387180BD59D00582EF3 /* FavouritesTableViewController */ = {
			isa = PBXGroup;
			children = (
				DB078388180BD5B100582EF3 /* FavouritesTableViewController.h */,
				DB078389180BD5B100582EF3 /* FavouritesTableViewController.m */,
			);
			path = FavouritesTableViewController;
			sourceTree = "<group>";
		};
		DB07838B180BD63C00582EF3 /* TrackSearchViewController */ = {
			isa = PBXGroup;
			children = (
				DB07838C180BD6BF00582EF3 /* TrackSearchViewController.h */,
				DB07838D180BD6BF00582EF3 /* TrackSearchViewController.m */,
			);
			path = TrackSearchViewController;
			sourceTree = "<group>";
		};
		DB07838F180BD73100582EF3 /* MapViewController */ = {
			isa = PBXGroup;
			children = (
				DB078390180BD73E00582EF3 /* MapViewController.h */,
				DB078391180BD73E00582EF3 /* MapViewController.m */,
			);
			path = MapViewController;
			sourceTree = "<group>";
		};
		DB078393180BD7C700582EF3 /* SettingsTableViewController */ = {
			isa = PBXGroup;
			children = (
				DB078394180BD7D700582EF3 /* SettingsTableViewController.h */,
				DB078395180BD7D700582EF3 /* SettingsTableViewController.m */,
			);
			path = SettingsTableViewController;
			sourceTree = "<group>";
		};
		DB0783AA180C03A000582EF3 /* RoutesTableViewCell */ = {
			isa = PBXGroup;
			children = (
				DB0783AB180C03B400582EF3 /* RoutesTableViewCell.h */,
				DB0783AC180C03B400582EF3 /* RoutesTableViewCell.m */,
			);
			path = RoutesTableViewCell;
			sourceTree = "<group>";
		};
		DB0D2AE6180F92EF00D2CC57 /* TrackPoint */ = {
			isa = PBXGroup;
			children = (
				DB0D2AE7180F930600D2CC57 /* SimpleTrackPoint.h */,
				DB0D2AE8180F930600D2CC57 /* SimpleTrackPoint.m */,
				DB0D2AEA180F932400D2CC57 /* StopTrackPoint.h */,
				DB0D2AEB180F932400D2CC57 /* StopTrackPoint.m */,
			);
			path = TrackPoint;
			sourceTree = "<group>";
		};
		DB1017151801D5A20012D6CF /* Models */ = {
			isa = PBXGroup;
			children = (
				DB0D2AE6180F92EF00D2CC57 /* TrackPoint */,
				DB10171A1801D66B0012D6CF /* Route */,
				DB10171B1801D66B0012D6CF /* Track */,
				DB10171C1801D66B0012D6CF /* TransportUnit */,
				DB1017161801D5B80012D6CF /* DataObject.h */,
				DB1017171801D5B80012D6CF /* DataObject.m */,
			);
			path = Models;
			sourceTree = "<group>";
		};
		DB10171A1801D66B0012D6CF /* Route */ = {
			isa = PBXGroup;
			children = (
				DB1017231801D6D30012D6CF /* Route.h */,
				DB1017241801D6D30012D6CF /* Route.m */,
			);
			path = Route;
			sourceTree = "<group>";
		};
		DB10171B1801D66B0012D6CF /* Track */ = {
			isa = PBXGroup;
			children = (
				DB1017261801D7620012D6CF /* Track.h */,
				DB1017271801D7620012D6CF /* Track.m */,
			);
			path = Track;
			sourceTree = "<group>";
		};
		DB10171C1801D66B0012D6CF /* TransportUnit */ = {
			isa = PBXGroup;
			children = (
				DB1017291801D78C0012D6CF /* TransportUnit.h */,
				DB10172A1801D78C0012D6CF /* TransportUnit.m */,
			);
			path = TransportUnit;
			sourceTree = "<group>";
		};
		DB6F2BC7180E3394008B70FB /* RouteDetailViewController */ = {
			isa = PBXGroup;
			children = (
				DB6F2BC8180E33EA008B70FB /* RouteDetailViewController.h */,
				DB6F2BC9180E33EA008B70FB /* RouteDetailViewController.m */,
			);
			path = RouteDetailViewController;
			sourceTree = "<group>";
		};
		DB96D88B1853122700CFC6DF /* DataManagers */ = {
			isa = PBXGroup;
			children = (
				DB96D8AC18532F9A00CFC6DF /* TransportUnitsManager */,
				DB96D8A818532CCC00CFC6DF /* TracksManager */,
				DB96D8A4185317B800CFC6DF /* RoutesManager */,
				DB96D8931853122700CFC6DF /* Storages */,
				DB96D8A11853160800CFC6DF /* BaseDataManager.h */,
				DB96D8A21853160800CFC6DF /* BaseDataManager.m */,
			);
			path = DataManagers;
			sourceTree = "<group>";
		};
		DB96D8931853122700CFC6DF /* Storages */ = {
			isa = PBXGroup;
			children = (
				DB96D8941853122700CFC6DF /* FavouritesStorage */,
				DB96D8971853122700CFC6DF /* MapStorage */,
			);
			path = Storages;
			sourceTree = "<group>";
		};
		DB96D8941853122700CFC6DF /* FavouritesStorage */ = {
			isa = PBXGroup;
			children = (
				DB96D8951853122700CFC6DF /* FavouritesStorage.h */,
				DB96D8961853122700CFC6DF /* FavouritesStorage.m */,
			);
			path = FavouritesStorage;
			sourceTree = "<group>";
		};
		DB96D8971853122700CFC6DF /* MapStorage */ = {
			isa = PBXGroup;
			children = (
				DB96D8981853122700CFC6DF /* MapStorage.h */,
				DB96D8991853122700CFC6DF /* MapStorage.m */,
			);
			path = MapStorage;
			sourceTree = "<group>";
		};
		DB96D8A4185317B800CFC6DF /* RoutesManager */ = {
			isa = PBXGroup;
			children = (
				DB96D8A51853290A00CFC6DF /* RoutesManager.h */,
				DB96D8A61853290A00CFC6DF /* RoutesManager.m */,
			);
			path = RoutesManager;
			sourceTree = "<group>";
		};
		DB96D8A818532CCC00CFC6DF /* TracksManager */ = {
			isa = PBXGroup;
			children = (
				DB96D8A918532D0A00CFC6DF /* TracksManager.h */,
				DB96D8AA18532D0A00CFC6DF /* TracksManager.m */,
			);
			path = TracksManager;
			sourceTree = "<group>";
		};
		DB96D8AC18532F9A00CFC6DF /* TransportUnitsManager */ = {
			isa = PBXGroup;
			children = (
				DB96D8AD18532FAA00CFC6DF /* TransportUnitsManager.h */,
				DB96D8AE18532FAA00CFC6DF /* TransportUnitsManager.m */,
			);
			path = TransportUnitsManager;
			sourceTree = "<group>";
		};
		DBC1DD6B180BC32E00E00B27 /* UI */ = {
			isa = PBXGroup;
			children = (
				DB6F2BC7180E3394008B70FB /* RouteDetailViewController */,
				DB078393180BD7C700582EF3 /* SettingsTableViewController */,
				DB07838F180BD73100582EF3 /* MapViewController */,
				DB07838B180BD63C00582EF3 /* TrackSearchViewController */,
				DB078387180BD59D00582EF3 /* FavouritesTableViewController */,
				DB078382180BCE7000582EF3 /* AboutViewController */,
				DB078336180BCA6C00582EF3 /* MenuTableViewContoller */,
				DB078337180BCA6C00582EF3 /* RoutesTableViewController */,
				DBC1DD6C180BC32E00E00B27 /* Common */,
			);
			path = UI;
			sourceTree = "<group>";
		};
		DBC1DD6C180BC32E00E00B27 /* Common */ = {
			isa = PBXGroup;
			children = (
				DBC1DD71180BC37D00E00B27 /* NGTSidePanelController */,
			);
			path = Common;
			sourceTree = "<group>";
		};
		DBC1DD71180BC37D00E00B27 /* NGTSidePanelController */ = {
			isa = PBXGroup;
			children = (
				DBC1DD72180BC39B00E00B27 /* NGTSidePanelController.h */,
				DBC1DD73180BC39B00E00B27 /* NGTSidePanelController.m */,
			);
			path = NGTSidePanelController;
			sourceTree = "<group>";
		};
		DBFADC8817FDCC97005EBE0E = {
			isa = PBXGroup;
			children = (
				DBFADC9A17FDCC97005EBE0E /* NGTMap */,
				DBFADC9317FDCC97005EBE0E /* Frameworks */,
				DBFADC9217FDCC97005EBE0E /* Products */,
				B182103E5D0A4C1CA9D2FA57 /* Pods.xcconfig */,
			);
			sourceTree = "<group>";
		};
		DBFADC9217FDCC97005EBE0E /* Products */ = {
			isa = PBXGroup;
			children = (
				DBFADC9117FDCC97005EBE0E /* NGTMap.app */,
			);
			name = Products;
			sourceTree = "<group>";
		};
		DBFADC9317FDCC97005EBE0E /* Frameworks */ = {
			isa = PBXGroup;
			children = (
				DB0D2AE4180F8A7000D2CC57 /* CoreLocation.framework */,
				DB0BE647180E711A002D1020 /* MapKit.framework */,
				DBFADCD817FDD029005EBE0E /* QuartzCore.framework */,
				DBFADC9417FDCC97005EBE0E /* UIKit.framework */,
				DBFADC9617FDCC97005EBE0E /* Foundation.framework */,
				DBFADC9817FDCC97005EBE0E /* CoreGraphics.framework */,
				8097D94E5D294F8FA6278FE5 /* libPods.a */,
			);
			name = Frameworks;
			sourceTree = "<group>";
		};
		DBFADC9A17FDCC97005EBE0E /* NGTMap */ = {
			isa = PBXGroup;
			children = (
				DBC1DD6B180BC32E00E00B27 /* UI */,
				DBFADCBD17FDCCF5005EBE0E /* Categories */,
				DBFADCCF17FDCEA0005EBE0E /* Utils */,
				DB96D88B1853122700CFC6DF /* DataManagers */,
				DB1017151801D5A20012D6CF /* Models */,
				DBFADCA317FDCC97005EBE0E /* AppDelegate.h */,
				DBFADCA417FDCC97005EBE0E /* AppDelegate.m */,
				DBFADCAC17FDCC97005EBE0E /* MainStoryboard.storyboard */,
				DB96D89F1853125000CFC6DF /* Images.xcassets */,
				DBFADC9B17FDCC97005EBE0E /* Supporting Files */,
			);
			path = NGTMap;
			sourceTree = "<group>";
		};
		DBFADC9B17FDCC97005EBE0E /* Supporting Files */ = {
			isa = PBXGroup;
			children = (
				DBFADC9C17FDCC97005EBE0E /* NGTMap-Info.plist */,
				DBFADC9D17FDCC97005EBE0E /* InfoPlist.strings */,
				DBFADCA017FDCC97005EBE0E /* main.m */,
				DBFADCA217FDCC97005EBE0E /* NGTMap-Prefix.pch */,
			);
			name = "Supporting Files";
			sourceTree = "<group>";
		};
		DBFADCBD17FDCCF5005EBE0E /* Categories */ = {
			isa = PBXGroup;
			children = (
				DBFADCBF17FDCD30005EBE0E /* NSObject-ClassName.h */,
				DBFADCC017FDCD30005EBE0E /* NSObject-ClassName.m */,
				DBFADCC117FDCD30005EBE0E /* UITableViewCellAdditions.h */,
				DBFADCC217FDCD30005EBE0E /* UITableViewCellAdditions.m */,
				DBFADCC317FDCD30005EBE0E /* UIView+Animations.h */,
				DBFADCC417FDCD30005EBE0E /* UIView+Animations.m */,
				DBFADCC517FDCD30005EBE0E /* UIView+Creation.h */,
				DBFADCC617FDCD30005EBE0E /* UIView+Creation.m */,
				DBFADCC717FDCD30005EBE0E /* UIView+Frame.h */,
				DBFADCC817FDCD30005EBE0E /* UIView+Frame.m */,
			);
			path = Categories;
			sourceTree = "<group>";
		};
		DBFADCCF17FDCEA0005EBE0E /* Utils */ = {
			isa = PBXGroup;
			children = (
				DBFADCD017FDCEA0005EBE0E /* Constants.h */,
				DBFADCD117FDCEA0005EBE0E /* Constants.m */,
				DB6F2BBC180D2496008B70FB /* Macros.h */,
			);
			path = Utils;
			sourceTree = "<group>";
		};
/* End PBXGroup section */

/* Begin PBXNativeTarget section */
		DBFADC9017FDCC97005EBE0E /* NGTMap */ = {
			isa = PBXNativeTarget;
			buildConfigurationList = DBFADCB417FDCC97005EBE0E /* Build configuration list for PBXNativeTarget "NGTMap" */;
			buildPhases = (
				26AE5ACD57034D449AF8F38E /* Check Pods Manifest.lock */,
				DBFADC8D17FDCC97005EBE0E /* Sources */,
				DBFADC8E17FDCC97005EBE0E /* Frameworks */,
				DBFADC8F17FDCC97005EBE0E /* Resources */,
				6E36BC363D6A427393BCC226 /* Copy Pods Resources */,
			);
			buildRules = (
			);
			dependencies = (
			);
			name = NGTMap;
			productName = NGTMap;
			productReference = DBFADC9117FDCC97005EBE0E /* NGTMap.app */;
			productType = "com.apple.product-type.application";
		};
/* End PBXNativeTarget section */

/* Begin PBXProject section */
		DBFADC8917FDCC97005EBE0E /* Project object */ = {
			isa = PBXProject;
			attributes = {
				LastUpgradeCheck = 0460;
				ORGANIZATIONNAME = "Alexey Bromot";
			};
			buildConfigurationList = DBFADC8C17FDCC97005EBE0E /* Build configuration list for PBXProject "NGTMap" */;
			compatibilityVersion = "Xcode 3.2";
			developmentRegion = English;
			hasScannedForEncodings = 0;
			knownRegions = (
				en,
			);
			mainGroup = DBFADC8817FDCC97005EBE0E;
			productRefGroup = DBFADC9217FDCC97005EBE0E /* Products */;
			projectDirPath = "";
			projectRoot = "";
			targets = (
				DBFADC9017FDCC97005EBE0E /* NGTMap */,
			);
		};
/* End PBXProject section */

/* Begin PBXResourcesBuildPhase section */
		DBFADC8F17FDCC97005EBE0E /* Resources */ = {
			isa = PBXResourcesBuildPhase;
			buildActionMask = 2147483647;
			files = (
				DBFADC9F17FDCC97005EBE0E /* InfoPlist.strings in Resources */,
				DB96D8A01853125000CFC6DF /* Images.xcassets in Resources */,
				DBFADCAE17FDCC97005EBE0E /* MainStoryboard.storyboard in Resources */,
			);
			runOnlyForDeploymentPostprocessing = 0;
		};
/* End PBXResourcesBuildPhase section */

/* Begin PBXShellScriptBuildPhase section */
		26AE5ACD57034D449AF8F38E /* Check Pods Manifest.lock */ = {
			isa = PBXShellScriptBuildPhase;
			buildActionMask = 2147483647;
			files = (
			);
			inputPaths = (
			);
			name = "Check Pods Manifest.lock";
			outputPaths = (
			);
			runOnlyForDeploymentPostprocessing = 0;
			shellPath = /bin/sh;
			shellScript = "diff \"${PODS_ROOT}/../Podfile.lock\" \"${PODS_ROOT}/Manifest.lock\" > /dev/null\nif [[ $? != 0 ]] ; then\n    cat << EOM\nerror: The sandbox is not in sync with the Podfile.lock. Run 'pod install' or update your CocoaPods installation.\nEOM\n    exit 1\nfi\n";
			showEnvVarsInLog = 0;
		};
		6E36BC363D6A427393BCC226 /* Copy Pods Resources */ = {
			isa = PBXShellScriptBuildPhase;
			buildActionMask = 2147483647;
			files = (
			);
			inputPaths = (
			);
			name = "Copy Pods Resources";
			outputPaths = (
			);
			runOnlyForDeploymentPostprocessing = 0;
			shellPath = /bin/sh;
			shellScript = "\"${SRCROOT}/Pods/Pods-resources.sh\"\n";
			showEnvVarsInLog = 0;
		};
/* End PBXShellScriptBuildPhase section */

/* Begin PBXSourcesBuildPhase section */
		DBFADC8D17FDCC97005EBE0E /* Sources */ = {
			isa = PBXSourcesBuildPhase;
			buildActionMask = 2147483647;
			files = (
				DBFADCA117FDCC97005EBE0E /* main.m in Sources */,
				DB96D89E1853122700CFC6DF /* MapStorage.m in Sources */,
				DBFADCA517FDCC97005EBE0E /* AppDelegate.m in Sources */,
				DB0783AD180C03B400582EF3 /* RoutesTableViewCell.m in Sources */,
				DB96D89D1853122700CFC6DF /* FavouritesStorage.m in Sources */,
				DBFADCC917FDCD30005EBE0E /* NSObject-ClassName.m in Sources */,
				DBFADCCA17FDCD30005EBE0E /* UITableViewCellAdditions.m in Sources */,
				DBFADCCB17FDCD30005EBE0E /* UIView+Animations.m in Sources */,
				DB078396180BD7D700582EF3 /* SettingsTableViewController.m in Sources */,
				DBFADCCC17FDCD30005EBE0E /* UIView+Creation.m in Sources */,
				DBFADCCD17FDCD30005EBE0E /* UIView+Frame.m in Sources */,
				DB0D2AE9180F930600D2CC57 /* SimpleTrackPoint.m in Sources */,
				DBFADCD217FDCEA0005EBE0E /* Constants.m in Sources */,
				DB96D8AB18532D0A00CFC6DF /* TracksManager.m in Sources */,
				DB1017181801D5B80012D6CF /* DataObject.m in Sources */,
				DBC1DD74180BC39B00E00B27 /* NGTSidePanelController.m in Sources */,
				DB07838A180BD5B100582EF3 /* FavouritesTableViewController.m in Sources */,
				DB6F2BCA180E33EA008B70FB /* RouteDetailViewController.m in Sources */,
				DB078385180BCE8200582EF3 /* AboutViewController.m in Sources */,
				DB96D8A31853160800CFC6DF /* BaseDataManager.m in Sources */,
				DB1017251801D6D30012D6CF /* Route.m in Sources */,
				DB96D8A71853290A00CFC6DF /* RoutesManager.m in Sources */,
				DB1017281801D7620012D6CF /* Track.m in Sources */,
				DB07833D180BCA8700582EF3 /* RoutesTableViewController.m in Sources */,
				DB10172B1801D78C0012D6CF /* TransportUnit.m in Sources */,
				DB07833A180BCA7B00582EF3 /* MenuTableViewController.m in Sources */,
				DB07838E180BD6BF00582EF3 /* TrackSearchViewController.m in Sources */,
				DB078392180BD73E00582EF3 /* MapViewController.m in Sources */,
				DB96D8AF18532FAA00CFC6DF /* TransportUnitsManager.m in Sources */,
				DB0D2AEC180F932400D2CC57 /* StopTrackPoint.m in Sources */,
			);
			runOnlyForDeploymentPostprocessing = 0;
		};
/* End PBXSourcesBuildPhase section */

/* Begin PBXVariantGroup section */
		DBFADC9D17FDCC97005EBE0E /* InfoPlist.strings */ = {
			isa = PBXVariantGroup;
			children = (
				DBFADC9E17FDCC97005EBE0E /* en */,
			);
			name = InfoPlist.strings;
			sourceTree = "<group>";
		};
		DBFADCAC17FDCC97005EBE0E /* MainStoryboard.storyboard */ = {
			isa = PBXVariantGroup;
			children = (
				DBFADCAD17FDCC97005EBE0E /* en */,
			);
			name = MainStoryboard.storyboard;
			sourceTree = "<group>";
		};
/* End PBXVariantGroup section */

/* Begin XCBuildConfiguration section */
		DBFADCB217FDCC97005EBE0E /* Debug */ = {
			isa = XCBuildConfiguration;
			buildSettings = {
				ALWAYS_SEARCH_USER_PATHS = NO;
				CLANG_CXX_LANGUAGE_STANDARD = "gnu++0x";
				CLANG_CXX_LIBRARY = "libc++";
				CLANG_ENABLE_OBJC_ARC = YES;
				CLANG_WARN_CONSTANT_CONVERSION = YES;
				CLANG_WARN_EMPTY_BODY = YES;
				CLANG_WARN_ENUM_CONVERSION = YES;
				CLANG_WARN_INT_CONVERSION = YES;
				CLANG_WARN__DUPLICATE_METHOD_MATCH = YES;
				"CODE_SIGN_IDENTITY[sdk=iphoneos*]" = "iPhone Developer";
				COPY_PHASE_STRIP = NO;
				GCC_C_LANGUAGE_STANDARD = gnu99;
				GCC_DYNAMIC_NO_PIC = NO;
				GCC_OPTIMIZATION_LEVEL = 0;
				GCC_PREPROCESSOR_DEFINITIONS = (
					"DEBUG=1",
					"$(inherited)",
				);
				GCC_SYMBOLS_PRIVATE_EXTERN = NO;
				GCC_WARN_ABOUT_RETURN_TYPE = YES;
				GCC_WARN_UNINITIALIZED_AUTOS = YES;
				GCC_WARN_UNUSED_VARIABLE = YES;
				IPHONEOS_DEPLOYMENT_TARGET = 6.0;
				ONLY_ACTIVE_ARCH = YES;
				SDKROOT = iphoneos;
			};
			name = Debug;
		};
		DBFADCB317FDCC97005EBE0E /* Release */ = {
			isa = XCBuildConfiguration;
			buildSettings = {
				ALWAYS_SEARCH_USER_PATHS = NO;
				CLANG_CXX_LANGUAGE_STANDARD = "gnu++0x";
				CLANG_CXX_LIBRARY = "libc++";
				CLANG_ENABLE_OBJC_ARC = YES;
				CLANG_WARN_CONSTANT_CONVERSION = YES;
				CLANG_WARN_EMPTY_BODY = YES;
				CLANG_WARN_ENUM_CONVERSION = YES;
				CLANG_WARN_INT_CONVERSION = YES;
				CLANG_WARN__DUPLICATE_METHOD_MATCH = YES;
				"CODE_SIGN_IDENTITY[sdk=iphoneos*]" = "iPhone Developer";
				COPY_PHASE_STRIP = YES;
				GCC_C_LANGUAGE_STANDARD = gnu99;
				GCC_WARN_ABOUT_RETURN_TYPE = YES;
				GCC_WARN_UNINITIALIZED_AUTOS = YES;
				GCC_WARN_UNUSED_VARIABLE = YES;
				IPHONEOS_DEPLOYMENT_TARGET = 6.0;
				OTHER_CFLAGS = "-DNS_BLOCK_ASSERTIONS=1";
				SDKROOT = iphoneos;
				VALIDATE_PRODUCT = YES;
			};
			name = Release;
		};
		DBFADCB517FDCC97005EBE0E /* Debug */ = {
			isa = XCBuildConfiguration;
			baseConfigurationReference = B182103E5D0A4C1CA9D2FA57 /* Pods.xcconfig */;
			buildSettings = {
				ASSETCATALOG_COMPILER_APPICON_NAME = AppIcon;
				ASSETCATALOG_COMPILER_LAUNCHIMAGE_NAME = LaunchImage;
				GCC_PRECOMPILE_PREFIX_HEADER = YES;
				GCC_PREFIX_HEADER = "NGTMap/NGTMap-Prefix.pch";
				INFOPLIST_FILE = "NGTMap/NGTMap-Info.plist";
				IPHONEOS_DEPLOYMENT_TARGET = 6.0;
				PRODUCT_NAME = "$(TARGET_NAME)";
				WRAPPER_EXTENSION = app;
			};
			name = Debug;
		};
		DBFADCB617FDCC97005EBE0E /* Release */ = {
			isa = XCBuildConfiguration;
			baseConfigurationReference = B182103E5D0A4C1CA9D2FA57 /* Pods.xcconfig */;
			buildSettings = {
				ASSETCATALOG_COMPILER_APPICON_NAME = AppIcon;
				ASSETCATALOG_COMPILER_LAUNCHIMAGE_NAME = LaunchImage;
				GCC_PRECOMPILE_PREFIX_HEADER = YES;
				GCC_PREFIX_HEADER = "NGTMap/NGTMap-Prefix.pch";
				INFOPLIST_FILE = "NGTMap/NGTMap-Info.plist";
				IPHONEOS_DEPLOYMENT_TARGET = 6.0;
				PRODUCT_NAME = "$(TARGET_NAME)";
				WRAPPER_EXTENSION = app;
			};
			name = Release;
		};
/* End XCBuildConfiguration section */

/* Begin XCConfigurationList section */
		DBFADC8C17FDCC97005EBE0E /* Build configuration list for PBXProject "NGTMap" */ = {
			isa = XCConfigurationList;
			buildConfigurations = (
				DBFADCB217FDCC97005EBE0E /* Debug */,
				DBFADCB317FDCC97005EBE0E /* Release */,
			);
			defaultConfigurationIsVisible = 0;
			defaultConfigurationName = Release;
		};
		DBFADCB417FDCC97005EBE0E /* Build configuration list for PBXNativeTarget "NGTMap" */ = {
			isa = XCConfigurationList;
			buildConfigurations = (
				DBFADCB517FDCC97005EBE0E /* Debug */,
				DBFADCB617FDCC97005EBE0E /* Release */,
			);
			defaultConfigurationIsVisible = 0;
			defaultConfigurationName = Release;
		};
/* End XCConfigurationList section */
	};
	rootObject = DBFADC8917FDCC97005EBE0E /* Project object */;
}
